
Microsoft Visual Studio Solution File, Format Version 12.00
# Visual Studio Version 16
VisualStudioVersion = 16.0.31410.357
MinimumVisualStudioVersion = 10.0.40219.1
Project("{FAE04EC0-301F-11D3-BF4B-00C04F79EFBC}") = "RulesEngine", "RulesEngine\RulesEngine.csproj", "{5175A941-42C5-42EF-99AC-1A2F2C29BA8D}"
EndProject
Project("{FAE04EC0-301F-11D3-BF4B-00C04F79EFBC}") = "UnitTests", "UnitTests\UnitTests.csproj", "{29973894-6D7F-4A3F-AEBA-98A083437ED8}"
	ProjectSection(ProjectDependencies) = postProject
		{5175A941-42C5-42EF-99AC-1A2F2C29BA8D} = {5175A941-42C5-42EF-99AC-1A2F2C29BA8D}
	EndProjectSection
EndProject
Global
	GlobalSection(SolutionConfigurationPlatforms) = preSolution
		Debug|Any CPU = Debug|Any CPU
		Release|Any CPU = Release|Any CPU
	EndGlobalSection
	GlobalSection(ProjectConfigurationPlatforms) = postSolution
		{5175A941-42C5-42EF-99AC-1A2F2C29BA8D}.Debug|Any CPU.ActiveCfg = Debug|Any CPU
		{5175A941-42C5-42EF-99AC-1A2F2C29BA8D}.Debug|Any CPU.Build.0 = Debug|Any CPU
		{5175A941-42C5-42EF-99AC-1A2F2C29BA8D}.Release|Any CPU.ActiveCfg = Release|Any CPU
		{5175A941-42C5-42EF-99AC-1A2F2C29BA8D}.Release|Any CPU.Build.0 = Release|Any CPU
		{29973894-6D7F-4A3F-AEBA-98A083437ED8}.Debug|Any CPU.ActiveCfg = Debug|Any CPU
		{29973894-6D7F-4A3F-AEBA-98A083437ED8}.Debug|Any CPU.Build.0 = Debug|Any CPU
		{29973894-6D7F-4A3F-AEBA-98A083437ED8}.Release|Any CPU.ActiveCfg = Release|Any CPU
		{29973894-6D7F-4A3F-AEBA-98A083437ED8}.Release|Any CPU.Build.0 = Release|Any CPU
	EndGlobalSection
	GlobalSection(SolutionProperties) = preSolution
		HideSolutionNode = FALSE
	EndGlobalSection
	GlobalSection(ExtensibilityGlobals) = postSolution
		SolutionGuid = {D5B602EC-96E0-407C-AFAC-703603586D96}
	EndGlobalSection
EndGlobal
